
Microsoft Visual Studio Solution File, Format Version 12.00
# Visual Studio Version 17
VisualStudioVersion = 17.0.31903.59
MinimumVisualStudioVersion = 10.0.40219.1
Project("{FAE04EC0-301F-11D3-BF4B-00C04F79EFBC}") = "ClassVsStruct", "ClassVsStruct\ClassVsStruct.csproj", "{6F01807F-C333-4414-911A-7A5B4DF236B9}"
EndProject
Project("{FAE04EC0-301F-11D3-BF4B-00C04F79EFBC}") = "StructWithRef", "StructWithRef\StructWithRef.csproj", "{90DBD471-9120-4684-A02F-5E9FA046E640}"
EndProject
Project("{FAE04EC0-301F-11D3-BF4B-00C04F79EFBC}") = "MiniGame", "MiniGame\MiniGame.csproj", "{BF627850-91CD-403D-9D21-973FB227D9E9}"
EndProject
Project("{FAE04EC0-301F-11D3-BF4B-00C04F79EFBC}") = "GameUnits", "GameUnits\GameUnits.csproj", "{D6245D2C-AD2E-488F-BCEC-831E11274A29}"
EndProject
Project("{FAE04EC0-301F-11D3-BF4B-00C04F79EFBC}") = "Polimorfismo", "Polimorfismo\Polimorfismo.csproj", "{26122273-859C-44DE-A8B4-24D7E6ACEB61}"
EndProject
Project("{FAE04EC0-301F-11D3-BF4B-00C04F79EFBC}") = "OverrideVsNew", "OverrideVsNew\OverrideVsNew.csproj", "{FFDEF14B-D154-40D3-AD82-E3F030C3A829}"
EndProject
Global
	GlobalSection(SolutionConfigurationPlatforms) = preSolution
		Debug|Any CPU = Debug|Any CPU
		Release|Any CPU = Release|Any CPU
	EndGlobalSection
	GlobalSection(SolutionProperties) = preSolution
		HideSolutionNode = FALSE
	EndGlobalSection
	GlobalSection(ProjectConfigurationPlatforms) = postSolution
		{6F01807F-C333-4414-911A-7A5B4DF236B9}.Debug|Any CPU.ActiveCfg = Debug|Any CPU
		{6F01807F-C333-4414-911A-7A5B4DF236B9}.Debug|Any CPU.Build.0 = Debug|Any CPU
		{6F01807F-C333-4414-911A-7A5B4DF236B9}.Release|Any CPU.ActiveCfg = Release|Any CPU
		{6F01807F-C333-4414-911A-7A5B4DF236B9}.Release|Any CPU.Build.0 = Release|Any CPU
		{90DBD471-9120-4684-A02F-5E9FA046E640}.Debug|Any CPU.ActiveCfg = Debug|Any CPU
		{90DBD471-9120-4684-A02F-5E9FA046E640}.Debug|Any CPU.Build.0 = Debug|Any CPU
		{90DBD471-9120-4684-A02F-5E9FA046E640}.Release|Any CPU.ActiveCfg = Release|Any CPU
		{90DBD471-9120-4684-A02F-5E9FA046E640}.Release|Any CPU.Build.0 = Release|Any CPU
		{BF627850-91CD-403D-9D21-973FB227D9E9}.Debug|Any CPU.ActiveCfg = Debug|Any CPU
		{BF627850-91CD-403D-9D21-973FB227D9E9}.Debug|Any CPU.Build.0 = Debug|Any CPU
		{BF627850-91CD-403D-9D21-973FB227D9E9}.Release|Any CPU.ActiveCfg = Release|Any CPU
		{BF627850-91CD-403D-9D21-973FB227D9E9}.Release|Any CPU.Build.0 = Release|Any CPU
		{D6245D2C-AD2E-488F-BCEC-831E11274A29}.Debug|Any CPU.ActiveCfg = Debug|Any CPU
		{D6245D2C-AD2E-488F-BCEC-831E11274A29}.Debug|Any CPU.Build.0 = Debug|Any CPU
		{D6245D2C-AD2E-488F-BCEC-831E11274A29}.Release|Any CPU.ActiveCfg = Release|Any CPU
		{D6245D2C-AD2E-488F-BCEC-831E11274A29}.Release|Any CPU.Build.0 = Release|Any CPU
		{26122273-859C-44DE-A8B4-24D7E6ACEB61}.Debug|Any CPU.ActiveCfg = Debug|Any CPU
		{26122273-859C-44DE-A8B4-24D7E6ACEB61}.Debug|Any CPU.Build.0 = Debug|Any CPU
		{26122273-859C-44DE-A8B4-24D7E6ACEB61}.Release|Any CPU.ActiveCfg = Release|Any CPU
		{26122273-859C-44DE-A8B4-24D7E6ACEB61}.Release|Any CPU.Build.0 = Release|Any CPU
		{FFDEF14B-D154-40D3-AD82-E3F030C3A829}.Debug|Any CPU.ActiveCfg = Debug|Any CPU
		{FFDEF14B-D154-40D3-AD82-E3F030C3A829}.Debug|Any CPU.Build.0 = Debug|Any CPU
		{FFDEF14B-D154-40D3-AD82-E3F030C3A829}.Release|Any CPU.ActiveCfg = Release|Any CPU
		{FFDEF14B-D154-40D3-AD82-E3F030C3A829}.Release|Any CPU.Build.0 = Release|Any CPU
	EndGlobalSection
EndGlobal
